
Microsoft Visual Studio Solution File, Format Version 12.00
# Visual Studio Version 17
VisualStudioVersion = 17.4.33213.308
MinimumVisualStudioVersion = 10.0.40219.1
Project("{FAE04EC0-301F-11D3-BF4B-00C04F79EFBC}") = "Elementler", "Elementler.csproj", "{6C29B72D-8800-490E-9577-BD1F16DEF439}"
EndProject
Global
	GlobalSection(SolutionConfigurationPlatforms) = preSolution
		Debug|Any CPU = Debug|Any CPU
		Release|Any CPU = Release|Any CPU
	EndGlobalSection
	GlobalSection(ProjectConfigurationPlatforms) = postSolution
		{6C29B72D-8800-490E-9577-BD1F16DEF439}.Debug|Any CPU.ActiveCfg = Debug|Any CPU
		{6C29B72D-8800-490E-9577-BD1F16DEF439}.Debug|Any CPU.Build.0 = Debug|Any CPU
		{6C29B72D-8800-490E-9577-BD1F16DEF439}.Release|Any CPU.ActiveCfg = Release|Any CPU
		{6C29B72D-8800-490E-9577-BD1F16DEF439}.Release|Any CPU.Build.0 = Release|Any CPU
	EndGlobalSection
	GlobalSection(SolutionProperties) = preSolution
		HideSolutionNode = FALSE
	EndGlobalSection
	GlobalSection(ExtensibilityGlobals) = postSolution
		SolutionGuid = {66529F94-8DC3-4068-B306-7F93F011560F}
	EndGlobalSection
EndGlobal
